
Microsoft Visual Studio Solution File, Format Version 12.00
# Visual Studio 15
VisualStudioVersion = 15.0.28010.2048
MinimumVisualStudioVersion = 10.0.40219.1
Project("{FAE04EC0-301F-11D3-BF4B-00C04F79EFBC}") = "POSPrinter", "POSPrinter\POSPrinter.csproj", "{D19044A2-DC60-4895-A21E-D04B35A8BFC3}"
EndProject
Project("{54435603-DBB4-11D2-8724-00A0C9A8B90C}") = "Setup", "Setup\Setup.vdproj", "{55C617D3-999B-45C6-B099-9E1E842B3611}"
EndProject
Global
	GlobalSection(SolutionConfigurationPlatforms) = preSolution
		Debug|Any CPU = Debug|Any CPU
		Debug|x64 = Debug|x64
		Debug|x86 = Debug|x86
		Release|Any CPU = Release|Any CPU
		Release|x64 = Release|x64
		Release|x86 = Release|x86
	EndGlobalSection
	GlobalSection(ProjectConfigurationPlatforms) = postSolution
		{D19044A2-DC60-4895-A21E-D04B35A8BFC3}.Debug|Any CPU.ActiveCfg = Debug|Any CPU
		{D19044A2-DC60-4895-A21E-D04B35A8BFC3}.Debug|Any CPU.Build.0 = Debug|Any CPU
		{D19044A2-DC60-4895-A21E-D04B35A8BFC3}.Debug|x64.ActiveCfg = Release|x64
		{D19044A2-DC60-4895-A21E-D04B35A8BFC3}.Debug|x64.Build.0 = Release|x64
		{D19044A2-DC60-4895-A21E-D04B35A8BFC3}.Debug|x86.ActiveCfg = Debug|x86
		{D19044A2-DC60-4895-A21E-D04B35A8BFC3}.Debug|x86.Build.0 = Debug|x86
		{D19044A2-DC60-4895-A21E-D04B35A8BFC3}.Release|Any CPU.ActiveCfg = Release|Any CPU
		{D19044A2-DC60-4895-A21E-D04B35A8BFC3}.Release|Any CPU.Build.0 = Release|Any CPU
		{D19044A2-DC60-4895-A21E-D04B35A8BFC3}.Release|x64.ActiveCfg = Release|x64
		{D19044A2-DC60-4895-A21E-D04B35A8BFC3}.Release|x64.Build.0 = Release|x64
		{D19044A2-DC60-4895-A21E-D04B35A8BFC3}.Release|x86.ActiveCfg = Release|x86
		{D19044A2-DC60-4895-A21E-D04B35A8BFC3}.Release|x86.Build.0 = Release|x86
		{55C617D3-999B-45C6-B099-9E1E842B3611}.Debug|Any CPU.ActiveCfg = Debug
		{55C617D3-999B-45C6-B099-9E1E842B3611}.Debug|x64.ActiveCfg = Debug
		{55C617D3-999B-45C6-B099-9E1E842B3611}.Debug|x86.ActiveCfg = Debug
		{55C617D3-999B-45C6-B099-9E1E842B3611}.Release|Any CPU.ActiveCfg = Release
		{55C617D3-999B-45C6-B099-9E1E842B3611}.Release|x64.ActiveCfg = Release
		{55C617D3-999B-45C6-B099-9E1E842B3611}.Release|x86.ActiveCfg = Release
	EndGlobalSection
	GlobalSection(SolutionProperties) = preSolution
		HideSolutionNode = FALSE
	EndGlobalSection
	GlobalSection(ExtensibilityGlobals) = postSolution
		SolutionGuid = {962FD4AB-5BAA-4C1B-A730-A4E6EEE2F87D}
	EndGlobalSection
EndGlobal
